// !$*UTF8*$!
{
	archiveVersion = 1;
	classes = {
	};
	objectVersion = 46;
	objects = {

/* Begin PBXBuildFile section */
		604F0A361A68226B00E0BB07 /* Exam.m in Sources */ = {isa = PBXBuildFile; fileRef = 604F0A351A68226B00E0BB07 /* Exam.m */; };
		604F0A391A6827B400E0BB07 /* Localizable.strings in Resources */ = {isa = PBXBuildFile; fileRef = 604F0A381A6827B400E0BB07 /* Localizable.strings */; };
		6064E6A41A66B9D3000B7DDC /* main.m in Sources */ = {isa = PBXBuildFile; fileRef = 6064E6A31A66B9D3000B7DDC /* main.m */; };
		6064E6A71A66B9D3000B7DDC /* AppDelegate.m in Sources */ = {isa = PBXBuildFile; fileRef = 6064E6A61A66B9D3000B7DDC /* AppDelegate.m */; };
		6064E6AA1A66B9D3000B7DDC /* ViewController.m in Sources */ = {isa = PBXBuildFile; fileRef = 6064E6A91A66B9D3000B7DDC /* ViewController.m */; };
		6064E6AD1A66B9D3000B7DDC /* Main.storyboard in Resources */ = {isa = PBXBuildFile; fileRef = 6064E6AB1A66B9D3000B7DDC /* Main.storyboard */; };
		6064E6AF1A66B9D3000B7DDC /* Images.xcassets in Resources */ = {isa = PBXBuildFile; fileRef = 6064E6AE1A66B9D3000B7DDC /* Images.xcassets */; };
		6064E6B21A66B9D3000B7DDC /* LaunchScreen.xib in Resources */ = {isa = PBXBuildFile; fileRef = 6064E6B01A66B9D3000B7DDC /* LaunchScreen.xib */; };
		6064E6BE1A66B9D3000B7DDC /* HFU_StudiportalTests.mm in Sources */ = {isa = PBXBuildFile; fileRef = 6064E6BD1A66B9D3000B7DDC /* HFU_StudiportalTests.mm */; };
		607950A41A6A9509003B1280 /* NotificationHost.m in Sources */ = {isa = PBXBuildFile; fileRef = 607950A31A6A9509003B1280 /* NotificationHost.m */; };
		607950A81A6A95F6003B1280 /* DialogHostViewController.m in Sources */ = {isa = PBXBuildFile; fileRef = 607950A71A6A95F6003B1280 /* DialogHostViewController.m */; };
		607950AB1A6A967F003B1280 /* MBProgressHUD.m in Sources */ = {isa = PBXBuildFile; fileRef = 607950AA1A6A967F003B1280 /* MBProgressHUD.m */; };
		607950AE1A6A973B003B1280 /* RefreshTask.m in Sources */ = {isa = PBXBuildFile; fileRef = 607950AC1A6A973B003B1280 /* RefreshTask.m */; };
		60983E7E1A696A5500DA4835 /* ExamCategory.m in Sources */ = {isa = PBXBuildFile; fileRef = 60983E7D1A696A5500DA4835 /* ExamCategory.m */; };
/* End PBXBuildFile section */

/* Begin PBXContainerItemProxy section */
		6064E6B81A66B9D3000B7DDC /* PBXContainerItemProxy */ = {
			isa = PBXContainerItemProxy;
			containerPortal = 6064E6961A66B9D3000B7DDC /* Project object */;
			proxyType = 1;
			remoteGlobalIDString = 6064E69D1A66B9D3000B7DDC;
			remoteInfo = "HFU Studiportal";
		};
/* End PBXContainerItemProxy section */

/* Begin PBXFileReference section */
		604F0A341A68211100E0BB07 /* Exam.h */ = {isa = PBXFileReference; lastKnownFileType = sourcecode.c.h; path = Exam.h; sourceTree = "<group>"; };
		604F0A351A68226B00E0BB07 /* Exam.m */ = {isa = PBXFileReference; fileEncoding = 4; lastKnownFileType = sourcecode.c.objc; path = Exam.m; sourceTree = "<group>"; };
		604F0A381A6827B400E0BB07 /* Localizable.strings */ = {isa = PBXFileReference; fileEncoding = 4; lastKnownFileType = text.plist.strings; path = Localizable.strings; sourceTree = "<group>"; };
		6064E69E1A66B9D3000B7DDC /* HFU Studiportal.app */ = {isa = PBXFileReference; explicitFileType = wrapper.application; includeInIndex = 0; path = "HFU Studiportal.app"; sourceTree = BUILT_PRODUCTS_DIR; };
		6064E6A21A66B9D3000B7DDC /* Info.plist */ = {isa = PBXFileReference; lastKnownFileType = text.plist.xml; path = Info.plist; sourceTree = "<group>"; };
		6064E6A31A66B9D3000B7DDC /* main.m */ = {isa = PBXFileReference; lastKnownFileType = sourcecode.c.objc; path = main.m; sourceTree = "<group>"; };
		6064E6A51A66B9D3000B7DDC /* AppDelegate.h */ = {isa = PBXFileReference; explicitFileType = sourcecode.cpp.h; path = AppDelegate.h; sourceTree = "<group>"; };
		6064E6A61A66B9D3000B7DDC /* AppDelegate.m */ = {isa = PBXFileReference; lastKnownFileType = sourcecode.c.objc; path = AppDelegate.m; sourceTree = "<group>"; };
		6064E6A81A66B9D3000B7DDC /* ViewController.h */ = {isa = PBXFileReference; lastKnownFileType = sourcecode.c.h; path = ViewController.h; sourceTree = "<group>"; };
		6064E6A91A66B9D3000B7DDC /* ViewController.m */ = {isa = PBXFileReference; lastKnownFileType = sourcecode.c.objc; path = ViewController.m; sourceTree = "<group>"; };
		6064E6AC1A66B9D3000B7DDC /* Base */ = {isa = PBXFileReference; lastKnownFileType = file.storyboard; name = Base; path = Base.lproj/Main.storyboard; sourceTree = "<group>"; };
		6064E6AE1A66B9D3000B7DDC /* Images.xcassets */ = {isa = PBXFileReference; lastKnownFileType = folder.assetcatalog; path = Images.xcassets; sourceTree = "<group>"; };
		6064E6B11A66B9D3000B7DDC /* Base */ = {isa = PBXFileReference; lastKnownFileType = file.xib; name = Base; path = Base.lproj/LaunchScreen.xib; sourceTree = "<group>"; };
		6064E6B71A66B9D3000B7DDC /* HFU StudiportalTests.xctest */ = {isa = PBXFileReference; explicitFileType = wrapper.cfbundle; includeInIndex = 0; path = "HFU StudiportalTests.xctest"; sourceTree = BUILT_PRODUCTS_DIR; };
		6064E6BC1A66B9D3000B7DDC /* Info.plist */ = {isa = PBXFileReference; lastKnownFileType = text.plist.xml; path = Info.plist; sourceTree = "<group>"; };
		6064E6BD1A66B9D3000B7DDC /* HFU_StudiportalTests.mm */ = {isa = PBXFileReference; lastKnownFileType = sourcecode.cpp.objcpp; path = HFU_StudiportalTests.mm; sourceTree = "<group>"; };
		607950A21A6A9509003B1280 /* NotificationHost.h */ = {isa = PBXFileReference; fileEncoding = 4; lastKnownFileType = sourcecode.c.h; path = NotificationHost.h; sourceTree = "<group>"; };
		607950A31A6A9509003B1280 /* NotificationHost.m */ = {isa = PBXFileReference; fileEncoding = 4; lastKnownFileType = sourcecode.c.objc; path = NotificationHost.m; sourceTree = "<group>"; };
		607950A61A6A95DE003B1280 /* DialogHostViewController.h */ = {isa = PBXFileReference; lastKnownFileType = sourcecode.c.h; path = DialogHostViewController.h; sourceTree = "<group>"; };
		607950A71A6A95F6003B1280 /* DialogHostViewController.m */ = {isa = PBXFileReference; fileEncoding = 4; lastKnownFileType = sourcecode.c.objc; path = DialogHostViewController.m; sourceTree = "<group>"; };
		607950A91A6A967F003B1280 /* MBProgressHUD.h */ = {isa = PBXFileReference; fileEncoding = 4; lastKnownFileType = sourcecode.c.h; path = MBProgressHUD.h; sourceTree = "<group>"; };
		607950AA1A6A967F003B1280 /* MBProgressHUD.m */ = {isa = PBXFileReference; fileEncoding = 4; lastKnownFileType = sourcecode.c.objc; path = MBProgressHUD.m; sourceTree = "<group>"; };
		607950AC1A6A973B003B1280 /* RefreshTask.m */ = {isa = PBXFileReference; explicitFileType = sourcecode.cpp.objcpp; fileEncoding = 4; path = RefreshTask.m; sourceTree = "<group>"; };
		607950AD1A6A973B003B1280 /* RefreshTask.h */ = {isa = PBXFileReference; fileEncoding = 4; lastKnownFileType = sourcecode.c.h; path = RefreshTask.h; sourceTree = "<group>"; };
		60983E7C1A6968B500DA4835 /* ExamCategory.h */ = {isa = PBXFileReference; lastKnownFileType = sourcecode.c.h; path = ExamCategory.h; sourceTree = "<group>"; };
		60983E7D1A696A5500DA4835 /* ExamCategory.m */ = {isa = PBXFileReference; fileEncoding = 4; lastKnownFileType = sourcecode.c.objc; path = ExamCategory.m; sourceTree = "<group>"; };
		60983E7F1A696FC500DA4835 /* Seperator.h */ = {isa = PBXFileReference; lastKnownFileType = sourcecode.c.h; path = Seperator.h; sourceTree = "<group>"; };
/* End PBXFileReference section */

/* Begin PBXFrameworksBuildPhase section */
		6064E69B1A66B9D3000B7DDC /* Frameworks */ = {
			isa = PBXFrameworksBuildPhase;
			buildActionMask = 2147483647;
			files = (
			);
			runOnlyForDeploymentPostprocessing = 0;
		};
		6064E6B41A66B9D3000B7DDC /* Frameworks */ = {
			isa = PBXFrameworksBuildPhase;
			buildActionMask = 2147483647;
			files = (
			);
			runOnlyForDeploymentPostprocessing = 0;
		};
/* End PBXFrameworksBuildPhase section */

/* Begin PBXGroup section */
		604F0A311A6820F900E0BB07 /* data */ = {
			isa = PBXGroup;
			children = (
				604F0A341A68211100E0BB07 /* Exam.h */,
				604F0A351A68226B00E0BB07 /* Exam.m */,
				60983E7C1A6968B500DA4835 /* ExamCategory.h */,
				60983E7D1A696A5500DA4835 /* ExamCategory.m */,
				60983E7F1A696FC500DA4835 /* Seperator.h */,
			);
			name = data;
			sourceTree = "<group>";
		};
		6064E6951A66B9D3000B7DDC = {
			isa = PBXGroup;
			children = (
				6064E6A01A66B9D3000B7DDC /* HFU Studiportal */,
				6064E6BA1A66B9D3000B7DDC /* HFU StudiportalTests */,
				6064E69F1A66B9D3000B7DDC /* Products */,
			);
			sourceTree = "<group>";
		};
		6064E69F1A66B9D3000B7DDC /* Products */ = {
			isa = PBXGroup;
			children = (
				6064E69E1A66B9D3000B7DDC /* HFU Studiportal.app */,
				6064E6B71A66B9D3000B7DDC /* HFU StudiportalTests.xctest */,
			);
			name = Products;
			sourceTree = "<group>";
		};
		6064E6A01A66B9D3000B7DDC /* HFU Studiportal */ = {
			isa = PBXGroup;
			children = (
				607950B01A6A9F25003B1280 /* network */,
				607950A51A6A9515003B1280 /* view */,
				604F0A311A6820F900E0BB07 /* data */,
				6064E6A51A66B9D3000B7DDC /* AppDelegate.h */,
				6064E6A61A66B9D3000B7DDC /* AppDelegate.m */,
				6064E6A81A66B9D3000B7DDC /* ViewController.h */,
				6064E6A91A66B9D3000B7DDC /* ViewController.m */,
				6064E6AB1A66B9D3000B7DDC /* Main.storyboard */,
				6064E6AE1A66B9D3000B7DDC /* Images.xcassets */,
				6064E6B01A66B9D3000B7DDC /* LaunchScreen.xib */,
				6064E6A11A66B9D3000B7DDC /* Supporting Files */,
			);
			path = "HFU Studiportal";
			sourceTree = "<group>";
		};
		6064E6A11A66B9D3000B7DDC /* Supporting Files */ = {
			isa = PBXGroup;
			children = (
				604F0A381A6827B400E0BB07 /* Localizable.strings */,
				6064E6A21A66B9D3000B7DDC /* Info.plist */,
				6064E6A31A66B9D3000B7DDC /* main.m */,
			);
			name = "Supporting Files";
			sourceTree = "<group>";
		};
		6064E6BA1A66B9D3000B7DDC /* HFU StudiportalTests */ = {
			isa = PBXGroup;
			children = (
				6064E6BD1A66B9D3000B7DDC /* HFU_StudiportalTests.mm */,
				6064E6BB1A66B9D3000B7DDC /* Supporting Files */,
			);
			path = "HFU StudiportalTests";
			sourceTree = "<group>";
		};
		6064E6BB1A66B9D3000B7DDC /* Supporting Files */ = {
			isa = PBXGroup;
			children = (
				6064E6BC1A66B9D3000B7DDC /* Info.plist */,
			);
			name = "Supporting Files";
			sourceTree = "<group>";
		};
		607950A51A6A9515003B1280 /* view */ = {
			isa = PBXGroup;
			children = (
				607950A61A6A95DE003B1280 /* DialogHostViewController.h */,
				607950A71A6A95F6003B1280 /* DialogHostViewController.m */,
				607950A91A6A967F003B1280 /* MBProgressHUD.h */,
				607950AA1A6A967F003B1280 /* MBProgressHUD.m */,
				607950A21A6A9509003B1280 /* NotificationHost.h */,
				607950A31A6A9509003B1280 /* NotificationHost.m */,
			);
			name = view;
			sourceTree = "<group>";
		};
		607950B01A6A9F25003B1280 /* network */ = {
			isa = PBXGroup;
			children = (
				607950AD1A6A973B003B1280 /* RefreshTask.h */,
				607950AC1A6A973B003B1280 /* RefreshTask.m */,
			);
			name = network;
			sourceTree = "<group>";
		};
/* End PBXGroup section */

/* Begin PBXNativeTarget section */
		6064E69D1A66B9D3000B7DDC /* HFU Studiportal */ = {
			isa = PBXNativeTarget;
			buildConfigurationList = 6064E6C11A66B9D3000B7DDC /* Build configuration list for PBXNativeTarget "HFU Studiportal" */;
			buildPhases = (
				6064E69A1A66B9D3000B7DDC /* Sources */,
				6064E69B1A66B9D3000B7DDC /* Frameworks */,
				6064E69C1A66B9D3000B7DDC /* Resources */,
			);
			buildRules = (
			);
			dependencies = (
			);
			name = "HFU Studiportal";
			productName = "HFU Studiportal";
			productReference = 6064E69E1A66B9D3000B7DDC /* HFU Studiportal.app */;
			productType = "com.apple.product-type.application";
		};
		6064E6B61A66B9D3000B7DDC /* HFU StudiportalTests */ = {
			isa = PBXNativeTarget;
			buildConfigurationList = 6064E6C41A66B9D3000B7DDC /* Build configuration list for PBXNativeTarget "HFU StudiportalTests" */;
			buildPhases = (
				6064E6B31A66B9D3000B7DDC /* Sources */,
				6064E6B41A66B9D3000B7DDC /* Frameworks */,
				6064E6B51A66B9D3000B7DDC /* Resources */,
			);
			buildRules = (
			);
			dependencies = (
				6064E6B91A66B9D3000B7DDC /* PBXTargetDependency */,
			);
			name = "HFU StudiportalTests";
			productName = "HFU StudiportalTests";
			productReference = 6064E6B71A66B9D3000B7DDC /* HFU StudiportalTests.xctest */;
			productType = "com.apple.product-type.bundle.unit-test";
		};
/* End PBXNativeTarget section */

/* Begin PBXProject section */
		6064E6961A66B9D3000B7DDC /* Project object */ = {
			isa = PBXProject;
			attributes = {
				LastUpgradeCheck = 0610;
				ORGANIZATIONNAME = "Hochschule Furtwangen University";
				TargetAttributes = {
					6064E69D1A66B9D3000B7DDC = {
						CreatedOnToolsVersion = 6.1.1;
					};
					6064E6B61A66B9D3000B7DDC = {
						CreatedOnToolsVersion = 6.1.1;
						TestTargetID = 6064E69D1A66B9D3000B7DDC;
					};
				};
			};
			buildConfigurationList = 6064E6991A66B9D3000B7DDC /* Build configuration list for PBXProject "HFU Studiportal" */;
			compatibilityVersion = "Xcode 3.2";
			developmentRegion = English;
			hasScannedForEncodings = 0;
			knownRegions = (
				en,
				Base,
			);
			mainGroup = 6064E6951A66B9D3000B7DDC;
			productRefGroup = 6064E69F1A66B9D3000B7DDC /* Products */;
			projectDirPath = "";
			projectRoot = "";
			targets = (
				6064E69D1A66B9D3000B7DDC /* HFU Studiportal */,
				6064E6B61A66B9D3000B7DDC /* HFU StudiportalTests */,
			);
		};
/* End PBXProject section */

/* Begin PBXResourcesBuildPhase section */
		6064E69C1A66B9D3000B7DDC /* Resources */ = {
			isa = PBXResourcesBuildPhase;
			buildActionMask = 2147483647;
			files = (
				604F0A391A6827B400E0BB07 /* Localizable.strings in Resources */,
				6064E6AD1A66B9D3000B7DDC /* Main.storyboard in Resources */,
				6064E6B21A66B9D3000B7DDC /* LaunchScreen.xib in Resources */,
				6064E6AF1A66B9D3000B7DDC /* Images.xcassets in Resources */,
			);
			runOnlyForDeploymentPostprocessing = 0;
		};
		6064E6B51A66B9D3000B7DDC /* Resources */ = {
			isa = PBXResourcesBuildPhase;
			buildActionMask = 2147483647;
			files = (
			);
			runOnlyForDeploymentPostprocessing = 0;
		};
/* End PBXResourcesBuildPhase section */

/* Begin PBXSourcesBuildPhase section */
		6064E69A1A66B9D3000B7DDC /* Sources */ = {
			isa = PBXSourcesBuildPhase;
			buildActionMask = 2147483647;
			files = (
				604F0A361A68226B00E0BB07 /* Exam.m in Sources */,
				6064E6AA1A66B9D3000B7DDC /* ViewController.m in Sources */,
				60983E7E1A696A5500DA4835 /* ExamCategory.m in Sources */,
				607950A41A6A9509003B1280 /* NotificationHost.m in Sources */,
				607950AE1A6A973B003B1280 /* RefreshTask.m in Sources */,
				607950AB1A6A967F003B1280 /* MBProgressHUD.m in Sources */,
				6064E6A71A66B9D3000B7DDC /* AppDelegate.m in Sources */,
				607950A81A6A95F6003B1280 /* DialogHostViewController.m in Sources */,
				6064E6A41A66B9D3000B7DDC /* main.m in Sources */,
			);
			runOnlyForDeploymentPostprocessing = 0;
		};
		6064E6B31A66B9D3000B7DDC /* Sources */ = {
			isa = PBXSourcesBuildPhase;
			buildActionMask = 2147483647;
			files = (
				6064E6BE1A66B9D3000B7DDC /* HFU_StudiportalTests.mm in Sources */,
			);
			runOnlyForDeploymentPostprocessing = 0;
		};
/* End PBXSourcesBuildPhase section */

/* Begin PBXTargetDependency section */
		6064E6B91A66B9D3000B7DDC /* PBXTargetDependency */ = {
			isa = PBXTargetDependency;
			target = 6064E69D1A66B9D3000B7DDC /* HFU Studiportal */;
			targetProxy = 6064E6B81A66B9D3000B7DDC /* PBXContainerItemProxy */;
		};
/* End PBXTargetDependency section */

/* Begin PBXVariantGroup section */
		6064E6AB1A66B9D3000B7DDC /* Main.storyboard */ = {
			isa = PBXVariantGroup;
			children = (
				6064E6AC1A66B9D3000B7DDC /* Base */,
			);
			name = Main.storyboard;
			sourceTree = "<group>";
		};
		6064E6B01A66B9D3000B7DDC /* LaunchScreen.xib */ = {
			isa = PBXVariantGroup;
			children = (
				6064E6B11A66B9D3000B7DDC /* Base */,
			);
			name = LaunchScreen.xib;
			sourceTree = "<group>";
		};
/* End PBXVariantGroup section */

/* Begin XCBuildConfiguration section */
		6064E6BF1A66B9D3000B7DDC /* Debug */ = {
			isa = XCBuildConfiguration;
			buildSettings = {
				ALWAYS_SEARCH_USER_PATHS = NO;
				CLANG_CXX_LANGUAGE_STANDARD = "gnu++0x";
				CLANG_CXX_LIBRARY = "libc++";
				CLANG_ENABLE_MODULES = YES;
				CLANG_ENABLE_OBJC_ARC = YES;
				CLANG_WARN_BOOL_CONVERSION = YES;
				CLANG_WARN_CONSTANT_CONVERSION = YES;
				CLANG_WARN_DIRECT_OBJC_ISA_USAGE = YES_ERROR;
				CLANG_WARN_EMPTY_BODY = YES;
				CLANG_WARN_ENUM_CONVERSION = YES;
				CLANG_WARN_INT_CONVERSION = YES;
				CLANG_WARN_OBJC_ROOT_CLASS = YES_ERROR;
				CLANG_WARN_UNREACHABLE_CODE = YES;
				CLANG_WARN__DUPLICATE_METHOD_MATCH = YES;
				"CODE_SIGN_IDENTITY[sdk=iphoneos*]" = "iPhone Developer";
				COPY_PHASE_STRIP = NO;
				ENABLE_STRICT_OBJC_MSGSEND = YES;
				GCC_C_LANGUAGE_STANDARD = gnu99;
				GCC_DYNAMIC_NO_PIC = NO;
				GCC_OPTIMIZATION_LEVEL = 0;
				GCC_PREPROCESSOR_DEFINITIONS = (
					"DEBUG=1",
					"$(inherited)",
				);
				GCC_SYMBOLS_PRIVATE_EXTERN = NO;
				GCC_WARN_64_TO_32_BIT_CONVERSION = YES;
				GCC_WARN_ABOUT_RETURN_TYPE = YES_ERROR;
				GCC_WARN_UNDECLARED_SELECTOR = YES;
				GCC_WARN_UNINITIALIZED_AUTOS = YES_AGGRESSIVE;
				GCC_WARN_UNUSED_FUNCTION = YES;
				GCC_WARN_UNUSED_VARIABLE = YES;
				IPHONEOS_DEPLOYMENT_TARGET = 8.1;
				MTL_ENABLE_DEBUG_INFO = YES;
				ONLY_ACTIVE_ARCH = YES;
				SDKROOT = iphoneos;
				TARGETED_DEVICE_FAMILY = "1,2";
			};
			name = Debug;
		};
		6064E6C01A66B9D3000B7DDC /* Release */ = {
			isa = XCBuildConfiguration;
			buildSettings = {
				ALWAYS_SEARCH_USER_PATHS = NO;
				CLANG_CXX_LANGUAGE_STANDARD = "gnu++0x";
				CLANG_CXX_LIBRARY = "libc++";
				CLANG_ENABLE_MODULES = YES;
				CLANG_ENABLE_OBJC_ARC = YES;
				CLANG_WARN_BOOL_CONVERSION = YES;
				CLANG_WARN_CONSTANT_CONVERSION = YES;
				CLANG_WARN_DIRECT_OBJC_ISA_USAGE = YES_ERROR;
				CLANG_WARN_EMPTY_BODY = YES;
				CLANG_WARN_ENUM_CONVERSION = YES;
				CLANG_WARN_INT_CONVERSION = YES;
				CLANG_WARN_OBJC_ROOT_CLASS = YES_ERROR;
				CLANG_WARN_UNREACHABLE_CODE = YES;
				CLANG_WARN__DUPLICATE_METHOD_MATCH = YES;
				"CODE_SIGN_IDENTITY[sdk=iphoneos*]" = "iPhone Developer";
				COPY_PHASE_STRIP = YES;
				ENABLE_NS_ASSERTIONS = NO;
				ENABLE_STRICT_OBJC_MSGSEND = YES;
				GCC_C_LANGUAGE_STANDARD = gnu99;
				GCC_WARN_64_TO_32_BIT_CONVERSION = YES;
				GCC_WARN_ABOUT_RETURN_TYPE = YES_ERROR;
				GCC_WARN_UNDECLARED_SELECTOR = YES;
				GCC_WARN_UNINITIALIZED_AUTOS = YES_AGGRESSIVE;
				GCC_WARN_UNUSED_FUNCTION = YES;
				GCC_WARN_UNUSED_VARIABLE = YES;
				IPHONEOS_DEPLOYMENT_TARGET = 8.1;
				MTL_ENABLE_DEBUG_INFO = NO;
				SDKROOT = iphoneos;
				TARGETED_DEVICE_FAMILY = "1,2";
				VALIDATE_PRODUCT = YES;
			};
			name = Release;
		};
		6064E6C21A66B9D3000B7DDC /* Debug */ = {
			isa = XCBuildConfiguration;
			buildSettings = {
				ASSETCATALOG_COMPILER_APPICON_NAME = AppIcon;
				ASSETCATALOG_COMPILER_LAUNCHIMAGE_NAME = LaunchImage;
				CODE_SIGN_IDENTITY = "iPhone Developer";
				INFOPLIST_FILE = "HFU Studiportal/Info.plist";
				IPHONEOS_DEPLOYMENT_TARGET = 7.0;
				LD_RUNPATH_SEARCH_PATHS = "$(inherited) @executable_path/Frameworks";
				PRODUCT_NAME = "$(TARGET_NAME)";
			};
			name = Debug;
		};
		6064E6C31A66B9D3000B7DDC /* Release */ = {
			isa = XCBuildConfiguration;
			buildSettings = {
				ASSETCATALOG_COMPILER_APPICON_NAME = AppIcon;
				ASSETCATALOG_COMPILER_LAUNCHIMAGE_NAME = LaunchImage;
				CODE_SIGN_IDENTITY = "iPhone Developer";
				INFOPLIST_FILE = "HFU Studiportal/Info.plist";
				IPHONEOS_DEPLOYMENT_TARGET = 7.0;
				LD_RUNPATH_SEARCH_PATHS = "$(inherited) @executable_path/Frameworks";
				PRODUCT_NAME = "$(TARGET_NAME)";
			};
			name = Release;
		};
		6064E6C51A66B9D3000B7DDC /* Debug */ = {
			isa = XCBuildConfiguration;
			buildSettings = {
				BUNDLE_LOADER = "$(TEST_HOST)";
				FRAMEWORK_SEARCH_PATHS = (
					"$(SDKROOT)/Developer/Library/Frameworks",
					"$(inherited)",
				);
				GCC_PREPROCESSOR_DEFINITIONS = (
					"DEBUG=1",
					"$(inherited)",
				);
				INFOPLIST_FILE = "HFU StudiportalTests/Info.plist";
				LD_RUNPATH_SEARCH_PATHS = "$(inherited) @executable_path/Frameworks @loader_path/Frameworks";
				PRODUCT_NAME = "$(TARGET_NAME)";
				TEST_HOST = "$(BUILT_PRODUCTS_DIR)/HFU Studiportal.app/HFU Studiportal";
			};
			name = Debug;
		};
		6064E6C61A66B9D3000B7DDC /* Release */ = {
			isa = XCBuildConfiguration;
			buildSettings = {
				BUNDLE_LOADER = "$(TEST_HOST)";
				FRAMEWORK_SEARCH_PATHS = (
					"$(SDKROOT)/Developer/Library/Frameworks",
					"$(inherited)",
				);
				INFOPLIST_FILE = "HFU StudiportalTests/Info.plist";
				LD_RUNPATH_SEARCH_PATHS = "$(inherited) @executable_path/Frameworks @loader_path/Frameworks";
				PRODUCT_NAME = "$(TARGET_NAME)";
				TEST_HOST = "$(BUILT_PRODUCTS_DIR)/HFU Studiportal.app/HFU Studiportal";
			};
			name = Release;
		};
/* End XCBuildConfiguration section */

/* Begin XCConfigurationList section */
		6064E6991A66B9D3000B7DDC /* Build configuration list for PBXProject "HFU Studiportal" */ = {
			isa = XCConfigurationList;
			buildConfigurations = (
				6064E6BF1A66B9D3000B7DDC /* Debug */,
				6064E6C01A66B9D3000B7DDC /* Release */,
			);
			defaultConfigurationIsVisible = 0;
			defaultConfigurationName = Release;
		};
		6064E6C11A66B9D3000B7DDC /* Build configuration list for PBXNativeTarget "HFU Studiportal" */ = {
			isa = XCConfigurationList;
			buildConfigurations = (
				6064E6C21A66B9D3000B7DDC /* Debug */,
				6064E6C31A66B9D3000B7DDC /* Release */,
			);
			defaultConfigurationIsVisible = 0;
			defaultConfigurationName = Release;
		};
		6064E6C41A66B9D3000B7DDC /* Build configuration list for PBXNativeTarget "HFU StudiportalTests" */ = {
			isa = XCConfigurationList;
			buildConfigurations = (
				6064E6C51A66B9D3000B7DDC /* Debug */,
				6064E6C61A66B9D3000B7DDC /* Release */,
			);
			defaultConfigurationIsVisible = 0;
			defaultConfigurationName = Release;
		};
/* End XCConfigurationList section */
	};
	rootObject = 6064E6961A66B9D3000B7DDC /* Project object */;
}
